
Microsoft Visual Studio Solution File, Format Version 12.00
# Visual Studio Version 17
VisualStudioVersion = 17.4.33213.308
MinimumVisualStudioVersion = 10.0.40219.1
Project("{9A19103F-16F7-4668-BE54-9A1E7A4F7556}") = "ProjectLibraryAPI", "ProjectChallenge\ProjectLibraryAPI.csproj", "{65E852C4-1611-40A8-9CE9-A31B30CCEE6D}"
EndProject
Project("{9A19103F-16F7-4668-BE54-9A1E7A4F7556}") = "ProjectLibraryData", "ProjectChallengeData\ProjectLibraryData.csproj", "{55EC94E4-0BC7-40DB-8D2B-DDD901483227}"
EndProject
Project("{9A19103F-16F7-4668-BE54-9A1E7A4F7556}") = "ProjectLibraryDomain", "ProjectChallengeDomain\ProjectLibraryDomain.csproj", "{2334FC31-F06F-4F2E-8DD4-5F45D9738756}"
EndProject
Project("{9A19103F-16F7-4668-BE54-9A1E7A4F7556}") = "ProjectLibraryService", "ProjectChallengeService\ProjectLibraryService.csproj", "{CA2380C9-A123-4791-8DEF-C7A294644EFA}"
EndProject
Global
	GlobalSection(SolutionConfigurationPlatforms) = preSolution
		Debug|Any CPU = Debug|Any CPU
		Release|Any CPU = Release|Any CPU
	EndGlobalSection
	GlobalSection(ProjectConfigurationPlatforms) = postSolution
		{65E852C4-1611-40A8-9CE9-A31B30CCEE6D}.Debug|Any CPU.ActiveCfg = Debug|Any CPU
		{65E852C4-1611-40A8-9CE9-A31B30CCEE6D}.Debug|Any CPU.Build.0 = Debug|Any CPU
		{65E852C4-1611-40A8-9CE9-A31B30CCEE6D}.Release|Any CPU.ActiveCfg = Release|Any CPU
		{65E852C4-1611-40A8-9CE9-A31B30CCEE6D}.Release|Any CPU.Build.0 = Release|Any CPU
		{55EC94E4-0BC7-40DB-8D2B-DDD901483227}.Debug|Any CPU.ActiveCfg = Debug|Any CPU
		{55EC94E4-0BC7-40DB-8D2B-DDD901483227}.Debug|Any CPU.Build.0 = Debug|Any CPU
		{55EC94E4-0BC7-40DB-8D2B-DDD901483227}.Release|Any CPU.ActiveCfg = Release|Any CPU
		{55EC94E4-0BC7-40DB-8D2B-DDD901483227}.Release|Any CPU.Build.0 = Release|Any CPU
		{2334FC31-F06F-4F2E-8DD4-5F45D9738756}.Debug|Any CPU.ActiveCfg = Debug|Any CPU
		{2334FC31-F06F-4F2E-8DD4-5F45D9738756}.Debug|Any CPU.Build.0 = Debug|Any CPU
		{2334FC31-F06F-4F2E-8DD4-5F45D9738756}.Release|Any CPU.ActiveCfg = Release|Any CPU
		{2334FC31-F06F-4F2E-8DD4-5F45D9738756}.Release|Any CPU.Build.0 = Release|Any CPU
		{CA2380C9-A123-4791-8DEF-C7A294644EFA}.Debug|Any CPU.ActiveCfg = Debug|Any CPU
		{CA2380C9-A123-4791-8DEF-C7A294644EFA}.Debug|Any CPU.Build.0 = Debug|Any CPU
		{CA2380C9-A123-4791-8DEF-C7A294644EFA}.Release|Any CPU.ActiveCfg = Release|Any CPU
		{CA2380C9-A123-4791-8DEF-C7A294644EFA}.Release|Any CPU.Build.0 = Release|Any CPU
	EndGlobalSection
	GlobalSection(SolutionProperties) = preSolution
		HideSolutionNode = FALSE
	EndGlobalSection
	GlobalSection(ExtensibilityGlobals) = postSolution
		SolutionGuid = {C1B946C4-9387-4709-B761-89CFD3E66C6C}
	EndGlobalSection
EndGlobal
